// !$*UTF8*$!
{
	archiveVersion = 1;
	classes = {
	};
	objectVersion = 48;
	objects = {

/* Begin PBXBuildFile section */
		74F1B3BD1F9EBBD600307E97 /* AppDelegate.m in Sources */ = {isa = PBXBuildFile; fileRef = 74F1B3BC1F9EBBD600307E97 /* AppDelegate.m */; };
		74F1B3C01F9EBBD600307E97 /* ViewController.m in Sources */ = {isa = PBXBuildFile; fileRef = 74F1B3BF1F9EBBD600307E97 /* ViewController.m */; };
		74F1B3C31F9EBBD600307E97 /* Main.storyboard in Resources */ = {isa = PBXBuildFile; fileRef = 74F1B3C11F9EBBD600307E97 /* Main.storyboard */; };
		74F1B3C51F9EBBD600307E97 /* Assets.xcassets in Resources */ = {isa = PBXBuildFile; fileRef = 74F1B3C41F9EBBD600307E97 /* Assets.xcassets */; };
		74F1B3C81F9EBBD600307E97 /* LaunchScreen.storyboard in Resources */ = {isa = PBXBuildFile; fileRef = 74F1B3C61F9EBBD600307E97 /* LaunchScreen.storyboard */; };
		74F1B3CB1F9EBBD600307E97 /* main.m in Sources */ = {isa = PBXBuildFile; fileRef = 74F1B3CA1F9EBBD600307E97 /* main.m */; };
		74F1B3D51F9EBBD600307E97 /* PGGCryptoTests.m in Sources */ = {isa = PBXBuildFile; fileRef = 74F1B3D41F9EBBD600307E97 /* PGGCryptoTests.m */; };
		74F1B3E01F9EBBD600307E97 /* PGGCryptoUITests.m in Sources */ = {isa = PBXBuildFile; fileRef = 74F1B3DF1F9EBBD600307E97 /* PGGCryptoUITests.m */; };
/* End PBXBuildFile section */

/* Begin PBXContainerItemProxy section */
		74F1B3D11F9EBBD600307E97 /* PBXContainerItemProxy */ = {
			isa = PBXContainerItemProxy;
			containerPortal = 74F1B3B01F9EBBD500307E97 /* Project object */;
			proxyType = 1;
			remoteGlobalIDString = 74F1B3B71F9EBBD600307E97;
			remoteInfo = PGGCrypto;
		};
		74F1B3DC1F9EBBD600307E97 /* PBXContainerItemProxy */ = {
			isa = PBXContainerItemProxy;
			containerPortal = 74F1B3B01F9EBBD500307E97 /* Project object */;
			proxyType = 1;
			remoteGlobalIDString = 74F1B3B71F9EBBD600307E97;
			remoteInfo = PGGCrypto;
		};
/* End PBXContainerItemProxy section */

/* Begin PBXFileReference section */
		74F1B3B81F9EBBD600307E97 /* PGGCrypto.app */ = {isa = PBXFileReference; explicitFileType = wrapper.application; includeInIndex = 0; path = PGGCrypto.app; sourceTree = BUILT_PRODUCTS_DIR; };
		74F1B3BB1F9EBBD600307E97 /* AppDelegate.h */ = {isa = PBXFileReference; lastKnownFileType = sourcecode.c.h; path = AppDelegate.h; sourceTree = "<group>"; };
		74F1B3BC1F9EBBD600307E97 /* AppDelegate.m */ = {isa = PBXFileReference; lastKnownFileType = sourcecode.c.objc; path = AppDelegate.m; sourceTree = "<group>"; };
		74F1B3BE1F9EBBD600307E97 /* ViewController.h */ = {isa = PBXFileReference; lastKnownFileType = sourcecode.c.h; path = ViewController.h; sourceTree = "<group>"; };
		74F1B3BF1F9EBBD600307E97 /* ViewController.m */ = {isa = PBXFileReference; lastKnownFileType = sourcecode.c.objc; path = ViewController.m; sourceTree = "<group>"; };
		74F1B3C21F9EBBD600307E97 /* Base */ = {isa = PBXFileReference; lastKnownFileType = file.storyboard; name = Base; path = Base.lproj/Main.storyboard; sourceTree = "<group>"; };
		74F1B3C41F9EBBD600307E97 /* Assets.xcassets */ = {isa = PBXFileReference; lastKnownFileType = folder.assetcatalog; path = Assets.xcassets; sourceTree = "<group>"; };
		74F1B3C71F9EBBD600307E97 /* Base */ = {isa = PBXFileReference; lastKnownFileType = file.storyboard; name = Base; path = Base.lproj/LaunchScreen.storyboard; sourceTree = "<group>"; };
		74F1B3C91F9EBBD600307E97 /* Info.plist */ = {isa = PBXFileReference; lastKnownFileType = text.plist.xml; path = Info.plist; sourceTree = "<group>"; };
		74F1B3CA1F9EBBD600307E97 /* main.m */ = {isa = PBXFileReference; lastKnownFileType = sourcecode.c.objc; path = main.m; sourceTree = "<group>"; };
		74F1B3D01F9EBBD600307E97 /* PGGCryptoTests.xctest */ = {isa = PBXFileReference; explicitFileType = wrapper.cfbundle; includeInIndex = 0; path = PGGCryptoTests.xctest; sourceTree = BUILT_PRODUCTS_DIR; };
		74F1B3D41F9EBBD600307E97 /* PGGCryptoTests.m */ = {isa = PBXFileReference; lastKnownFileType = sourcecode.c.objc; path = PGGCryptoTests.m; sourceTree = "<group>"; };
		74F1B3D61F9EBBD600307E97 /* Info.plist */ = {isa = PBXFileReference; lastKnownFileType = text.plist.xml; path = Info.plist; sourceTree = "<group>"; };
		74F1B3DB1F9EBBD600307E97 /* PGGCryptoUITests.xctest */ = {isa = PBXFileReference; explicitFileType = wrapper.cfbundle; includeInIndex = 0; path = PGGCryptoUITests.xctest; sourceTree = BUILT_PRODUCTS_DIR; };
		74F1B3DF1F9EBBD600307E97 /* PGGCryptoUITests.m */ = {isa = PBXFileReference; lastKnownFileType = sourcecode.c.objc; path = PGGCryptoUITests.m; sourceTree = "<group>"; };
		74F1B3E11F9EBBD600307E97 /* Info.plist */ = {isa = PBXFileReference; lastKnownFileType = text.plist.xml; path = Info.plist; sourceTree = "<group>"; };
/* End PBXFileReference section */

/* Begin PBXFrameworksBuildPhase section */
		74F1B3B51F9EBBD600307E97 /* Frameworks */ = {
			isa = PBXFrameworksBuildPhase;
			buildActionMask = 2147483647;
			files = (
			);
			runOnlyForDeploymentPostprocessing = 0;
		};
		74F1B3CD1F9EBBD600307E97 /* Frameworks */ = {
			isa = PBXFrameworksBuildPhase;
			buildActionMask = 2147483647;
			files = (
			);
			runOnlyForDeploymentPostprocessing = 0;
		};
		74F1B3D81F9EBBD600307E97 /* Frameworks */ = {
			isa = PBXFrameworksBuildPhase;
			buildActionMask = 2147483647;
			files = (
			);
			runOnlyForDeploymentPostprocessing = 0;
		};
/* End PBXFrameworksBuildPhase section */

/* Begin PBXGroup section */
		74F1B3AF1F9EBBD500307E97 = {
			isa = PBXGroup;
			children = (
				74F1B3BA1F9EBBD600307E97 /* PGGCrypto */,
				74F1B3D31F9EBBD600307E97 /* PGGCryptoTests */,
				74F1B3DE1F9EBBD600307E97 /* PGGCryptoUITests */,
				74F1B3B91F9EBBD600307E97 /* Products */,
			);
			sourceTree = "<group>";
		};
		74F1B3B91F9EBBD600307E97 /* Products */ = {
			isa = PBXGroup;
			children = (
				74F1B3B81F9EBBD600307E97 /* PGGCrypto.app */,
				74F1B3D01F9EBBD600307E97 /* PGGCryptoTests.xctest */,
				74F1B3DB1F9EBBD600307E97 /* PGGCryptoUITests.xctest */,
			);
			name = Products;
			sourceTree = "<group>";
		};
		74F1B3BA1F9EBBD600307E97 /* PGGCrypto */ = {
			isa = PBXGroup;
			children = (
				74F1B3BB1F9EBBD600307E97 /* AppDelegate.h */,
				74F1B3BC1F9EBBD600307E97 /* AppDelegate.m */,
				74F1B3BE1F9EBBD600307E97 /* ViewController.h */,
				74F1B3BF1F9EBBD600307E97 /* ViewController.m */,
				74F1B3C11F9EBBD600307E97 /* Main.storyboard */,
				74F1B3C41F9EBBD600307E97 /* Assets.xcassets */,
				74F1B3C61F9EBBD600307E97 /* LaunchScreen.storyboard */,
				74F1B3C91F9EBBD600307E97 /* Info.plist */,
				74F1B3CA1F9EBBD600307E97 /* main.m */,
			);
			path = PGGCrypto;
			sourceTree = "<group>";
		};
		74F1B3D31F9EBBD600307E97 /* PGGCryptoTests */ = {
			isa = PBXGroup;
			children = (
				74F1B3D41F9EBBD600307E97 /* PGGCryptoTests.m */,
				74F1B3D61F9EBBD600307E97 /* Info.plist */,
			);
			path = PGGCryptoTests;
			sourceTree = "<group>";
		};
		74F1B3DE1F9EBBD600307E97 /* PGGCryptoUITests */ = {
			isa = PBXGroup;
			children = (
				74F1B3DF1F9EBBD600307E97 /* PGGCryptoUITests.m */,
				74F1B3E11F9EBBD600307E97 /* Info.plist */,
			);
			path = PGGCryptoUITests;
			sourceTree = "<group>";
		};
/* End PBXGroup section */

/* Begin PBXNativeTarget section */
		74F1B3B71F9EBBD600307E97 /* PGGCrypto */ = {
			isa = PBXNativeTarget;
			buildConfigurationList = 74F1B3E41F9EBBD600307E97 /* Build configuration list for PBXNativeTarget "PGGCrypto" */;
			buildPhases = (
				74F1B3B41F9EBBD600307E97 /* Sources */,
				74F1B3B51F9EBBD600307E97 /* Frameworks */,
				74F1B3B61F9EBBD600307E97 /* Resources */,
			);
			buildRules = (
			);
			dependencies = (
			);
			name = PGGCrypto;
			productName = PGGCrypto;
			productReference = 74F1B3B81F9EBBD600307E97 /* PGGCrypto.app */;
			productType = "com.apple.product-type.application";
		};
		74F1B3CF1F9EBBD600307E97 /* PGGCryptoTests */ = {
			isa = PBXNativeTarget;
			buildConfigurationList = 74F1B3E71F9EBBD600307E97 /* Build configuration list for PBXNativeTarget "PGGCryptoTests" */;
			buildPhases = (
				74F1B3CC1F9EBBD600307E97 /* Sources */,
				74F1B3CD1F9EBBD600307E97 /* Frameworks */,
				74F1B3CE1F9EBBD600307E97 /* Resources */,
			);
			buildRules = (
			);
			dependencies = (
				74F1B3D21F9EBBD600307E97 /* PBXTargetDependency */,
			);
			name = PGGCryptoTests;
			productName = PGGCryptoTests;
			productReference = 74F1B3D01F9EBBD600307E97 /* PGGCryptoTests.xctest */;
			productType = "com.apple.product-type.bundle.unit-test";
		};
		74F1B3DA1F9EBBD600307E97 /* PGGCryptoUITests */ = {
			isa = PBXNativeTarget;
			buildConfigurationList = 74F1B3EA1F9EBBD600307E97 /* Build configuration list for PBXNativeTarget "PGGCryptoUITests" */;
			buildPhases = (
				74F1B3D71F9EBBD600307E97 /* Sources */,
				74F1B3D81F9EBBD600307E97 /* Frameworks */,
				74F1B3D91F9EBBD600307E97 /* Resources */,
			);
			buildRules = (
			);
			dependencies = (
				74F1B3DD1F9EBBD600307E97 /* PBXTargetDependency */,
			);
			name = PGGCryptoUITests;
			productName = PGGCryptoUITests;
			productReference = 74F1B3DB1F9EBBD600307E97 /* PGGCryptoUITests.xctest */;
			productType = "com.apple.product-type.bundle.ui-testing";
		};
/* End PBXNativeTarget section */

/* Begin PBXProject section */
		74F1B3B01F9EBBD500307E97 /* Project object */ = {
			isa = PBXProject;
			attributes = {
				LastUpgradeCheck = 0900;
				ORGANIZATIONNAME = penggege.CP;
				TargetAttributes = {
					74F1B3B71F9EBBD600307E97 = {
						CreatedOnToolsVersion = 9.0.1;
						ProvisioningStyle = Automatic;
					};
					74F1B3CF1F9EBBD600307E97 = {
						CreatedOnToolsVersion = 9.0.1;
						ProvisioningStyle = Automatic;
						TestTargetID = 74F1B3B71F9EBBD600307E97;
					};
					74F1B3DA1F9EBBD600307E97 = {
						CreatedOnToolsVersion = 9.0.1;
						ProvisioningStyle = Automatic;
						TestTargetID = 74F1B3B71F9EBBD600307E97;
					};
				};
			};
			buildConfigurationList = 74F1B3B31F9EBBD500307E97 /* Build configuration list for PBXProject "PGGCrypto" */;
			compatibilityVersion = "Xcode 8.0";
			developmentRegion = en;
			hasScannedForEncodings = 0;
			knownRegions = (
				en,
				Base,
			);
			mainGroup = 74F1B3AF1F9EBBD500307E97;
			productRefGroup = 74F1B3B91F9EBBD600307E97 /* Products */;
			projectDirPath = "";
			projectRoot = "";
			targets = (
				74F1B3B71F9EBBD600307E97 /* PGGCrypto */,
				74F1B3CF1F9EBBD600307E97 /* PGGCryptoTests */,
				74F1B3DA1F9EBBD600307E97 /* PGGCryptoUITests */,
			);
		};
/* End PBXProject section */

/* Begin PBXResourcesBuildPhase section */
		74F1B3B61F9EBBD600307E97 /* Resources */ = {
			isa = PBXResourcesBuildPhase;
			buildActionMask = 2147483647;
			files = (
				74F1B3C81F9EBBD600307E97 /* LaunchScreen.storyboard in Resources */,
				74F1B3C51F9EBBD600307E97 /* Assets.xcassets in Resources */,
				74F1B3C31F9EBBD600307E97 /* Main.storyboard in Resources */,
			);
			runOnlyForDeploymentPostprocessing = 0;
		};
		74F1B3CE1F9EBBD600307E97 /* Resources */ = {
			isa = PBXResourcesBuildPhase;
			buildActionMask = 2147483647;
			files = (
			);
			runOnlyForDeploymentPostprocessing = 0;
		};
		74F1B3D91F9EBBD600307E97 /* Resources */ = {
			isa = PBXResourcesBuildPhase;
			buildActionMask = 2147483647;
			files = (
			);
			runOnlyForDeploymentPostprocessing = 0;
		};
/* End PBXResourcesBuildPhase section */

/* Begin PBXSourcesBuildPhase section */
		74F1B3B41F9EBBD600307E97 /* Sources */ = {
			isa = PBXSourcesBuildPhase;
			buildActionMask = 2147483647;
			files = (
				74F1B3C01F9EBBD600307E97 /* ViewController.m in Sources */,
				74F1B3CB1F9EBBD600307E97 /* main.m in Sources */,
				74F1B3BD1F9EBBD600307E97 /* AppDelegate.m in Sources */,
			);
			runOnlyForDeploymentPostprocessing = 0;
		};
		74F1B3CC1F9EBBD600307E97 /* Sources */ = {
			isa = PBXSourcesBuildPhase;
			buildActionMask = 2147483647;
			files = (
				74F1B3D51F9EBBD600307E97 /* PGGCryptoTests.m in Sources */,
			);
			runOnlyForDeploymentPostprocessing = 0;
		};
		74F1B3D71F9EBBD600307E97 /* Sources */ = {
			isa = PBXSourcesBuildPhase;
			buildActionMask = 2147483647;
			files = (
				74F1B3E01F9EBBD600307E97 /* PGGCryptoUITests.m in Sources */,
			);
			runOnlyForDeploymentPostprocessing = 0;
		};
/* End PBXSourcesBuildPhase section */

/* Begin PBXTargetDependency section */
		74F1B3D21F9EBBD600307E97 /* PBXTargetDependency */ = {
			isa = PBXTargetDependency;
			target = 74F1B3B71F9EBBD600307E97 /* PGGCrypto */;
			targetProxy = 74F1B3D11F9EBBD600307E97 /* PBXContainerItemProxy */;
		};
		74F1B3DD1F9EBBD600307E97 /* PBXTargetDependency */ = {
			isa = PBXTargetDependency;
			target = 74F1B3B71F9EBBD600307E97 /* PGGCrypto */;
			targetProxy = 74F1B3DC1F9EBBD600307E97 /* PBXContainerItemProxy */;
		};
/* End PBXTargetDependency section */

/* Begin PBXVariantGroup section */
		74F1B3C11F9EBBD600307E97 /* Main.storyboard */ = {
			isa = PBXVariantGroup;
			children = (
				74F1B3C21F9EBBD600307E97 /* Base */,
			);
			name = Main.storyboard;
			sourceTree = "<group>";
		};
		74F1B3C61F9EBBD600307E97 /* LaunchScreen.storyboard */ = {
			isa = PBXVariantGroup;
			children = (
				74F1B3C71F9EBBD600307E97 /* Base */,
			);
			name = LaunchScreen.storyboard;
			sourceTree = "<group>";
		};
/* End PBXVariantGroup section */

/* Begin XCBuildConfiguration section */
		74F1B3E21F9EBBD600307E97 /* Debug */ = {
			isa = XCBuildConfiguration;
			buildSettings = {
				ALWAYS_SEARCH_USER_PATHS = NO;
				CLANG_ANALYZER_NONNULL = YES;
				CLANG_ANALYZER_NUMBER_OBJECT_CONVERSION = YES_AGGRESSIVE;
				CLANG_CXX_LANGUAGE_STANDARD = "gnu++14";
				CLANG_CXX_LIBRARY = "libc++";
				CLANG_ENABLE_MODULES = YES;
				CLANG_ENABLE_OBJC_ARC = YES;
				CLANG_WARN_BLOCK_CAPTURE_AUTORELEASING = YES;
				CLANG_WARN_BOOL_CONVERSION = YES;
				CLANG_WARN_COMMA = YES;
				CLANG_WARN_CONSTANT_CONVERSION = YES;
				CLANG_WARN_DIRECT_OBJC_ISA_USAGE = YES_ERROR;
				CLANG_WARN_DOCUMENTATION_COMMENTS = YES;
				CLANG_WARN_EMPTY_BODY = YES;
				CLANG_WARN_ENUM_CONVERSION = YES;
				CLANG_WARN_INFINITE_RECURSION = YES;
				CLANG_WARN_INT_CONVERSION = YES;
				CLANG_WARN_NON_LITERAL_NULL_CONVERSION = YES;
				CLANG_WARN_OBJC_LITERAL_CONVERSION = YES;
				CLANG_WARN_OBJC_ROOT_CLASS = YES_ERROR;
				CLANG_WARN_RANGE_LOOP_ANALYSIS = YES;
				CLANG_WARN_STRICT_PROTOTYPES = YES;
				CLANG_WARN_SUSPICIOUS_MOVE = YES;
				CLANG_WARN_UNGUARDED_AVAILABILITY = YES_AGGRESSIVE;
				CLANG_WARN_UNREACHABLE_CODE = YES;
				CLANG_WARN__DUPLICATE_METHOD_MATCH = YES;
				CODE_SIGN_IDENTITY = "iPhone Developer";
				COPY_PHASE_STRIP = NO;
				DEBUG_INFORMATION_FORMAT = dwarf;
				ENABLE_STRICT_OBJC_MSGSEND = YES;
				ENABLE_TESTABILITY = YES;
				GCC_C_LANGUAGE_STANDARD = gnu11;
				GCC_DYNAMIC_NO_PIC = NO;
				GCC_NO_COMMON_BLOCKS = YES;
				GCC_OPTIMIZATION_LEVEL = 0;
				GCC_PREPROCESSOR_DEFINITIONS = (
					"DEBUG=1",
					"$(inherited)",
				);
				GCC_WARN_64_TO_32_BIT_CONVERSION = YES;
				GCC_WARN_ABOUT_RETURN_TYPE = YES_ERROR;
				GCC_WARN_UNDECLARED_SELECTOR = YES;
				GCC_WARN_UNINITIALIZED_AUTOS = YES_AGGRESSIVE;
				GCC_WARN_UNUSED_FUNCTION = YES;
				GCC_WARN_UNUSED_VARIABLE = YES;
				IPHONEOS_DEPLOYMENT_TARGET = 11.0;
				MTL_ENABLE_DEBUG_INFO = YES;
				ONLY_ACTIVE_ARCH = YES;
				SDKROOT = iphoneos;
			};
			name = Debug;
		};
		74F1B3E31F9EBBD600307E97 /* Release */ = {
			isa = XCBuildConfiguration;
			buildSettings = {
				ALWAYS_SEARCH_USER_PATHS = NO;
				CLANG_ANALYZER_NONNULL = YES;
				CLANG_ANALYZER_NUMBER_OBJECT_CONVERSION = YES_AGGRESSIVE;
				CLANG_CXX_LANGUAGE_STANDARD = "gnu++14";
				CLANG_CXX_LIBRARY = "libc++";
				CLANG_ENABLE_MODULES = YES;
				CLANG_ENABLE_OBJC_ARC = YES;
				CLANG_WARN_BLOCK_CAPTURE_AUTORELEASING = YES;
				CLANG_WARN_BOOL_CONVERSION = YES;
				CLANG_WARN_COMMA = YES;
				CLANG_WARN_CONSTANT_CONVERSION = YES;
				CLANG_WARN_DIRECT_OBJC_ISA_USAGE = YES_ERROR;
				CLANG_WARN_DOCUMENTATION_COMMENTS = YES;
				CLANG_WARN_EMPTY_BODY = YES;
				CLANG_WARN_ENUM_CONVERSION = YES;
				CLANG_WARN_INFINITE_RECURSION = YES;
				CLANG_WARN_INT_CONVERSION = YES;
				CLANG_WARN_NON_LITERAL_NULL_CONVERSION = YES;
				CLANG_WARN_OBJC_LITERAL_CONVERSION = YES;
				CLANG_WARN_OBJC_ROOT_CLASS = YES_ERROR;
				CLANG_WARN_RANGE_LOOP_ANALYSIS = YES;
				CLANG_WARN_STRICT_PROTOTYPES = YES;
				CLANG_WARN_SUSPICIOUS_MOVE = YES;
				CLANG_WARN_UNGUARDED_AVAILABILITY = YES_AGGRESSIVE;
				CLANG_WARN_UNREACHABLE_CODE = YES;
				CLANG_WARN__DUPLICATE_METHOD_MATCH = YES;
				CODE_SIGN_IDENTITY = "iPhone Developer";
				COPY_PHASE_STRIP = NO;
				DEBUG_INFORMATION_FORMAT = "dwarf-with-dsym";
				ENABLE_NS_ASSERTIONS = NO;
				ENABLE_STRICT_OBJC_MSGSEND = YES;
				GCC_C_LANGUAGE_STANDARD = gnu11;
				GCC_NO_COMMON_BLOCKS = YES;
				GCC_WARN_64_TO_32_BIT_CONVERSION = YES;
				GCC_WARN_ABOUT_RETURN_TYPE = YES_ERROR;
				GCC_WARN_UNDECLARED_SELECTOR = YES;
				GCC_WARN_UNINITIALIZED_AUTOS = YES_AGGRESSIVE;
				GCC_WARN_UNUSED_FUNCTION = YES;
				GCC_WARN_UNUSED_VARIABLE = YES;
				IPHONEOS_DEPLOYMENT_TARGET = 11.0;
				MTL_ENABLE_DEBUG_INFO = NO;
				SDKROOT = iphoneos;
				VALIDATE_PRODUCT = YES;
			};
			name = Release;
		};
		74F1B3E51F9EBBD600307E97 /* Debug */ = {
			isa = XCBuildConfiguration;
			buildSettings = {
				ASSETCATALOG_COMPILER_APPICON_NAME = AppIcon;
				CODE_SIGN_STYLE = Automatic;
				DEVELOPMENT_TEAM = MRVYXC2HHB;
				INFOPLIST_FILE = PGGCrypto/Info.plist;
				LD_RUNPATH_SEARCH_PATHS = "$(inherited) @executable_path/Frameworks";
				PRODUCT_BUNDLE_IDENTIFIER = com.penggege.PGGCrypto;
				PRODUCT_NAME = "$(TARGET_NAME)";
				TARGETED_DEVICE_FAMILY = "1,2";
			};
			name = Debug;
		};
		74F1B3E61F9EBBD600307E97 /* Release */ = {
			isa = XCBuildConfiguration;
			buildSettings = {
				ASSETCATALOG_COMPILER_APPICON_NAME = AppIcon;
				CODE_SIGN_STYLE = Automatic;
				DEVELOPMENT_TEAM = MRVYXC2HHB;
				INFOPLIST_FILE = PGGCrypto/Info.plist;
				LD_RUNPATH_SEARCH_PATHS = "$(inherited) @executable_path/Frameworks";
				PRODUCT_BUNDLE_IDENTIFIER = com.penggege.PGGCrypto;
				PRODUCT_NAME = "$(TARGET_NAME)";
				TARGETED_DEVICE_FAMILY = "1,2";
			};
			name = Release;
		};
		74F1B3E81F9EBBD600307E97 /* Debug */ = {
			isa = XCBuildConfiguration;
			buildSettings = {
				BUNDLE_LOADER = "$(TEST_HOST)";
				CODE_SIGN_STYLE = Automatic;
				DEVELOPMENT_TEAM = MRVYXC2HHB;
				INFOPLIST_FILE = PGGCryptoTests/Info.plist;
				LD_RUNPATH_SEARCH_PATHS = "$(inherited) @executable_path/Frameworks @loader_path/Frameworks";
				PRODUCT_BUNDLE_IDENTIFIER = com.penggege.PGGCryptoTests;
				PRODUCT_NAME = "$(TARGET_NAME)";
				TARGETED_DEVICE_FAMILY = "1,2";
				TEST_HOST = "$(BUILT_PRODUCTS_DIR)/PGGCrypto.app/PGGCrypto";
			};
			name = Debug;
		};
		74F1B3E91F9EBBD600307E97 /* Release */ = {
			isa = XCBuildConfiguration;
			buildSettings = {
				BUNDLE_LOADER = "$(TEST_HOST)";
				CODE_SIGN_STYLE = Automatic;
				DEVELOPMENT_TEAM = MRVYXC2HHB;
				INFOPLIST_FILE = PGGCryptoTests/Info.plist;
				LD_RUNPATH_SEARCH_PATHS = "$(inherited) @executable_path/Frameworks @loader_path/Frameworks";
				PRODUCT_BUNDLE_IDENTIFIER = com.penggege.PGGCryptoTests;
				PRODUCT_NAME = "$(TARGET_NAME)";
				TARGETED_DEVICE_FAMILY = "1,2";
				TEST_HOST = "$(BUILT_PRODUCTS_DIR)/PGGCrypto.app/PGGCrypto";
			};
			name = Release;
		};
		74F1B3EB1F9EBBD600307E97 /* Debug */ = {
			isa = XCBuildConfiguration;
			buildSettings = {
				CODE_SIGN_STYLE = Automatic;
				DEVELOPMENT_TEAM = MRVYXC2HHB;
				INFOPLIST_FILE = PGGCryptoUITests/Info.plist;
				LD_RUNPATH_SEARCH_PATHS = "$(inherited) @executable_path/Frameworks @loader_path/Frameworks";
				PRODUCT_BUNDLE_IDENTIFIER = com.penggege.PGGCryptoUITests;
				PRODUCT_NAME = "$(TARGET_NAME)";
				TARGETED_DEVICE_FAMILY = "1,2";
				TEST_TARGET_NAME = PGGCrypto;
			};
			name = Debug;
		};
		74F1B3EC1F9EBBD600307E97 /* Release */ = {
			isa = XCBuildConfiguration;
			buildSettings = {
				CODE_SIGN_STYLE = Automatic;
				DEVELOPMENT_TEAM = MRVYXC2HHB;
				INFOPLIST_FILE = PGGCryptoUITests/Info.plist;
				LD_RUNPATH_SEARCH_PATHS = "$(inherited) @executable_path/Frameworks @loader_path/Frameworks";
				PRODUCT_BUNDLE_IDENTIFIER = com.penggege.PGGCryptoUITests;
				PRODUCT_NAME = "$(TARGET_NAME)";
				TARGETED_DEVICE_FAMILY = "1,2";
				TEST_TARGET_NAME = PGGCrypto;
			};
			name = Release;
		};
/* End XCBuildConfiguration section */

/* Begin XCConfigurationList section */
		74F1B3B31F9EBBD500307E97 /* Build configuration list for PBXProject "PGGCrypto" */ = {
			isa = XCConfigurationList;
			buildConfigurations = (
				74F1B3E21F9EBBD600307E97 /* Debug */,
				74F1B3E31F9EBBD600307E97 /* Release */,
			);
			defaultConfigurationIsVisible = 0;
			defaultConfigurationName = Release;
		};
		74F1B3E41F9EBBD600307E97 /* Build configuration list for PBXNativeTarget "PGGCrypto" */ = {
			isa = XCConfigurationList;
			buildConfigurations = (
				74F1B3E51F9EBBD600307E97 /* Debug */,
				74F1B3E61F9EBBD600307E97 /* Release */,
			);
			defaultConfigurationIsVisible = 0;
			defaultConfigurationName = Release;
		};
		74F1B3E71F9EBBD600307E97 /* Build configuration list for PBXNativeTarget "PGGCryptoTests" */ = {
			isa = XCConfigurationList;
			buildConfigurations = (
				74F1B3E81F9EBBD600307E97 /* Debug */,
				74F1B3E91F9EBBD600307E97 /* Release */,
			);
			defaultConfigurationIsVisible = 0;
			defaultConfigurationName = Release;
		};
		74F1B3EA1F9EBBD600307E97 /* Build configuration list for PBXNativeTarget "PGGCryptoUITests" */ = {
			isa = XCConfigurationList;
			buildConfigurations = (
				74F1B3EB1F9EBBD600307E97 /* Debug */,
				74F1B3EC1F9EBBD600307E97 /* Release */,
			);
			defaultConfigurationIsVisible = 0;
			defaultConfigurationName = Release;
		};
/* End XCConfigurationList section */
	};
	rootObject = 74F1B3B01F9EBBD500307E97 /* Project object */;
}
